
Microsoft Visual Studio Solution File, Format Version 12.00
Project("{FAE04EC0-301F-11D3-BF4B-00C04F79EFBC}") = "PlotForm", "src\PlotForm\PlotForm\PlotForm.csproj", "{722D871B-24C0-4A25-A446-8FCBE1389D0A}"
EndProject
Project("{FAE04EC0-301F-11D3-BF4B-00C04F79EFBC}") = "PlotForm.Sample", "samples\PlotForm.Sample\PlotForm.Sample.csproj", "{4148D98C-0E07-4DD2-8BD5-0C186F9862F0}"
EndProject
Global
	GlobalSection(SolutionConfigurationPlatforms) = preSolution
		Debug|Any CPU = Debug|Any CPU
		Release|Any CPU = Release|Any CPU
	EndGlobalSection
	GlobalSection(ProjectConfigurationPlatforms) = postSolution
		{722D871B-24C0-4A25-A446-8FCBE1389D0A}.Debug|Any CPU.ActiveCfg = Debug|Any CPU
		{722D871B-24C0-4A25-A446-8FCBE1389D0A}.Debug|Any CPU.Build.0 = Debug|Any CPU
		{722D871B-24C0-4A25-A446-8FCBE1389D0A}.Release|Any CPU.ActiveCfg = Release|Any CPU
		{722D871B-24C0-4A25-A446-8FCBE1389D0A}.Release|Any CPU.Build.0 = Release|Any CPU
		{4148D98C-0E07-4DD2-8BD5-0C186F9862F0}.Debug|Any CPU.ActiveCfg = Debug|Any CPU
		{4148D98C-0E07-4DD2-8BD5-0C186F9862F0}.Debug|Any CPU.Build.0 = Debug|Any CPU
		{4148D98C-0E07-4DD2-8BD5-0C186F9862F0}.Release|Any CPU.ActiveCfg = Release|Any CPU
		{4148D98C-0E07-4DD2-8BD5-0C186F9862F0}.Release|Any CPU.Build.0 = Release|Any CPU
	EndGlobalSection
EndGlobal
